// !$*UTF8*$!
{
	archiveVersion = 1;
	classes = {
	};
	objectVersion = 77;
	objects = {

/* Begin PBXBuildFile section */
		4C394C062FE0BA200070000E /* FuelModels.swift in Sources */ = {isa = PBXBuildFile; fileRef = 4C394BFE2FE0BA050070000E /* FuelModels.swift */; };
		4C394C072FE0BA200070000E /* FuelFinderAPI.swift in Sources */ = {isa = PBXBuildFile; fileRef = 4C394C002FE0BA0E0070000E /* FuelFinderAPI.swift */; };
		4C394C082FE0BA200070000E /* LocationManager.swift in Sources */ = {isa = PBXBuildFile; fileRef = 4C394C012FE0BA0E0070000E /* LocationManager.swift */; };
		4C394C092FE0BA200070000E /* ContentView.swift in Sources */ = {isa = PBXBuildFile; fileRef = 4C394C032FE0BA160070000E /* ContentView.swift */; };
		4C394C0A2FE0BA200070000E /* StationDetailView.swift in Sources */ = {isa = PBXBuildFile; fileRef = 4C394C042FE0BA160070000E /* StationDetailView.swift */; };
		4C394C0B2FE0BA200070000E /* StationMapView.swift in Sources */ = {isa = PBXBuildFile; fileRef = 4C394C0C2FE0BA200070000E /* StationMapView.swift */; };
/* End PBXBuildFile section */

/* Begin PBXContainerItemProxy section */
		4C394BE22FE0B9590070000E /* PBXContainerItemProxy */ = {
			isa = PBXContainerItemProxy;
			containerPortal = 4C394BCC2FE0B9570070000E /* Project object */;
			proxyType = 1;
			remoteGlobalIDString = 4C394BD32FE0B9570070000E;
			remoteInfo = fuelfinder;
		};
		4C394BEC2FE0B9590070000E /* PBXContainerItemProxy */ = {
			isa = PBXContainerItemProxy;
			containerPortal = 4C394BCC2FE0B9570070000E /* Project object */;
			proxyType = 1;
			remoteGlobalIDString = 4C394BD32FE0B9570070000E;
			remoteInfo = fuelfinder;
		};
/* End PBXContainerItemProxy section */

/* Begin PBXFileReference section */
		4C394BD42FE0B9570070000E /* fuelfinder.app */ = {isa = PBXFileReference; explicitFileType = wrapper.application; includeInIndex = 0; path = fuelfinder.app; sourceTree = BUILT_PRODUCTS_DIR; };
		4C394BE12FE0B9590070000E /* fuelfinderTests.xctest */ = {isa = PBXFileReference; explicitFileType = wrapper.cfbundle; includeInIndex = 0; path = fuelfinderTests.xctest; sourceTree = BUILT_PRODUCTS_DIR; };
		4C394BEB2FE0B9590070000E /* fuelfinderUITests.xctest */ = {isa = PBXFileReference; explicitFileType = wrapper.cfbundle; includeInIndex = 0; path = fuelfinderUITests.xctest; sourceTree = BUILT_PRODUCTS_DIR; };
		4C394BFE2FE0BA050070000E /* FuelModels.swift */ = {isa = PBXFileReference; lastKnownFileType = sourcecode.swift; path = FuelModels.swift; sourceTree = "<group>"; };
		4C394C002FE0BA0E0070000E /* FuelFinderAPI.swift */ = {isa = PBXFileReference; lastKnownFileType = sourcecode.swift; path = FuelFinderAPI.swift; sourceTree = "<group>"; };
		4C394C012FE0BA0E0070000E /* LocationManager.swift */ = {isa = PBXFileReference; lastKnownFileType = sourcecode.swift; path = LocationManager.swift; sourceTree = "<group>"; };
		4C394C032FE0BA160070000E /* ContentView.swift */ = {isa = PBXFileReference; lastKnownFileType = sourcecode.swift; path = ContentView.swift; sourceTree = "<group>"; };
		4C394C042FE0BA160070000E /* StationDetailView.swift */ = {isa = PBXFileReference; lastKnownFileType = sourcecode.swift; path = StationDetailView.swift; sourceTree = "<group>"; };
		4C394C0C2FE0BA200070000E /* StationMapView.swift */ = {isa = PBXFileReference; lastKnownFileType = sourcecode.swift; path = StationMapView.swift; sourceTree = "<group>"; };
/* End PBXFileReference section */

/* Begin PBXFrameworksBuildPhase section */
		4C394BD12FE0B9570070000E /* Frameworks */ = {
			isa = PBXFrameworksBuildPhase;
			buildActionMask = 2147483647;
			files = (
			);
			runOnlyForDeploymentPostprocessing = 0;
		};
		4C394BDE2FE0B9590070000E /* Frameworks */ = {
			isa = PBXFrameworksBuildPhase;
			buildActionMask = 2147483647;
			files = (
			);
			runOnlyForDeploymentPostprocessing = 0;
		};
		4C394BE82FE0B9590070000E /* Frameworks */ = {
			isa = PBXFrameworksBuildPhase;
			buildActionMask = 2147483647;
			files = (
			);
			runOnlyForDeploymentPostprocessing = 0;
		};
/* End PBXFrameworksBuildPhase section */

/* Begin PBXGroup section */
		4C394BCB2FE0B9570070000E = {
			isa = PBXGroup;
			children = (
				4C394BFF2FE0BA050070000E /* Models */,
				4C394BD52FE0B9570070000E /* Products */,
				4C394C022FE0BA0E0070000E /* Services */,
				4C394C052FE0BA160070000E /* Views */,
			);
			sourceTree = "<group>";
		};
		4C394BD52FE0B9570070000E /* Products */ = {
			isa = PBXGroup;
			children = (
				4C394BD42FE0B9570070000E /* fuelfinder.app */,
				4C394BE12FE0B9590070000E /* fuelfinderTests.xctest */,
				4C394BEB2FE0B9590070000E /* fuelfinderUITests.xctest */,
			);
			name = Products;
			sourceTree = "<group>";
		};
		4C394BFF2FE0BA050070000E /* Models */ = {
			isa = PBXGroup;
			children = (
				4C394BFE2FE0BA050070000E /* FuelModels.swift */,
			);
			path = Models;
			sourceTree = "<group>";
		};
		4C394C022FE0BA0E0070000E /* Services */ = {
			isa = PBXGroup;
			children = (
				4C394C002FE0BA0E0070000E /* FuelFinderAPI.swift */,
				4C394C012FE0BA0E0070000E /* LocationManager.swift */,
			);
			path = Services;
			sourceTree = "<group>";
		};
		4C394C052FE0BA160070000E /* Views */ = {
			isa = PBXGroup;
			children = (
				4C394C032FE0BA160070000E /* ContentView.swift */,
				4C394C042FE0BA160070000E /* StationDetailView.swift */,
				4C394C0C2FE0BA200070000E /* StationMapView.swift */,
			);
			path = Views;
			sourceTree = "<group>";
		};
/* End PBXGroup section */

/* Begin PBXNativeTarget section */
		4C394BD32FE0B9570070000E /* fuelfinder */ = {
			isa = PBXNativeTarget;
			buildConfigurationList = 4C394BF52FE0B9590070000E /* Build configuration list for PBXNativeTarget "fuelfinder" */;
			buildPhases = (
				4C394BD02FE0B9570070000E /* Sources */,
				4C394BD12FE0B9570070000E /* Frameworks */,
				4C394BD22FE0B9570070000E /* Resources */,
			);
			buildRules = (
			);
			dependencies = (
			);
			name = fuelfinder;
			packageProductDependencies = (
			);
			productName = fuelfinder;
			productReference = 4C394BD42FE0B9570070000E /* fuelfinder.app */;
			productType = "com.apple.product-type.application";
		};
		4C394BE02FE0B9590070000E /* fuelfinderTests */ = {
			isa = PBXNativeTarget;
			buildConfigurationList = 4C394BF82FE0B9590070000E /* Build configuration list for PBXNativeTarget "fuelfinderTests" */;
			buildPhases = (
				4C394BDD2FE0B9590070000E /* Sources */,
				4C394BDE2FE0B9590070000E /* Frameworks */,
				4C394BDF2FE0B9590070000E /* Resources */,
			);
			buildRules = (
			);
			dependencies = (
				4C394BE32FE0B9590070000E /* PBXTargetDependency */,
			);
			name = fuelfinderTests;
			packageProductDependencies = (
			);
			productName = fuelfinderTests;
			productReference = 4C394BE12FE0B9590070000E /* fuelfinderTests.xctest */;
			productType = "com.apple.product-type.bundle.unit-test";
		};
		4C394BEA2FE0B9590070000E /* fuelfinderUITests */ = {
			isa = PBXNativeTarget;
			buildConfigurationList = 4C394BFB2FE0B9590070000E /* Build configuration list for PBXNativeTarget "fuelfinderUITests" */;
			buildPhases = (
				4C394BE72FE0B9590070000E /* Sources */,
				4C394BE82FE0B9590070000E /* Frameworks */,
				4C394BE92FE0B9590070000E /* Resources */,
			);
			buildRules = (
			);
			dependencies = (
				4C394BED2FE0B9590070000E /* PBXTargetDependency */,
			);
			name = fuelfinderUITests;
			packageProductDependencies = (
			);
			productName = fuelfinderUITests;
			productReference = 4C394BEB2FE0B9590070000E /* fuelfinderUITests.xctest */;
			productType = "com.apple.product-type.bundle.ui-testing";
		};
/* End PBXNativeTarget section */

/* Begin PBXProject section */
		4C394BCC2FE0B9570070000E /* Project object */ = {
			isa = PBXProject;
			attributes = {
				BuildIndependentTargetsInParallel = 1;
				LastSwiftUpdateCheck = 2650;
				LastUpgradeCheck = 2650;
				TargetAttributes = {
					4C394BD32FE0B9570070000E = {
						CreatedOnToolsVersion = 26.5;
					};
					4C394BE02FE0B9590070000E = {
						CreatedOnToolsVersion = 26.5;
						TestTargetID = 4C394BD32FE0B9570070000E;
					};
					4C394BEA2FE0B9590070000E = {
						CreatedOnToolsVersion = 26.5;
						TestTargetID = 4C394BD32FE0B9570070000E;
					};
				};
			};
			buildConfigurationList = 4C394BCF2FE0B9570070000E /* Build configuration list for PBXProject "fuelfinder" */;
			developmentRegion = en;
			hasScannedForEncodings = 0;
			knownRegions = (
				en,
				Base,
			);
			mainGroup = 4C394BCB2FE0B9570070000E;
			minimizedProjectReferenceProxies = 1;
			preferredProjectObjectVersion = 77;
			productRefGroup = 4C394BD52FE0B9570070000E /* Products */;
			projectDirPath = "";
			projectRoot = "";
			targets = (
				4C394BD32FE0B9570070000E /* fuelfinder */,
				4C394BE02FE0B9590070000E /* fuelfinderTests */,
				4C394BEA2FE0B9590070000E /* fuelfinderUITests */,
			);
		};
/* End PBXProject section */

/* Begin PBXResourcesBuildPhase section */
		4C394BD22FE0B9570070000E /* Resources */ = {
			isa = PBXResourcesBuildPhase;
			buildActionMask = 2147483647;
			files = (
			);
			runOnlyForDeploymentPostprocessing = 0;
		};
		4C394BDF2FE0B9590070000E /* Resources */ = {
			isa = PBXResourcesBuildPhase;
			buildActionMask = 2147483647;
			files = (
			);
			runOnlyForDeploymentPostprocessing = 0;
		};
		4C394BE92FE0B9590070000E /* Resources */ = {
			isa = PBXResourcesBuildPhase;
			buildActionMask = 2147483647;
			files = (
			);
			runOnlyForDeploymentPostprocessing = 0;
		};
/* End PBXResourcesBuildPhase section */

/* Begin PBXSourcesBuildPhase section */
		4C394BD02FE0B9570070000E /* Sources */ = {
			isa = PBXSourcesBuildPhase;
			buildActionMask = 2147483647;
			files = (
				4C394C062FE0BA200070000E /* FuelModels.swift in Sources */,
				4C394C072FE0BA200070000E /* FuelFinderAPI.swift in Sources */,
				4C394C082FE0BA200070000E /* LocationManager.swift in Sources */,
				4C394C092FE0BA200070000E /* ContentView.swift in Sources */,
				4C394C0A2FE0BA200070000E /* StationDetailView.swift in Sources */,
				4C394C0B2FE0BA200070000E /* StationMapView.swift in Sources */,
			);
			runOnlyForDeploymentPostprocessing = 0;
		};
		4C394BDD2FE0B9590070000E /* Sources */ = {
			isa = PBXSourcesBuildPhase;
			buildActionMask = 2147483647;
			files = (
			);
			runOnlyForDeploymentPostprocessing = 0;
		};
		4C394BE72FE0B9590070000E /* Sources */ = {
			isa = PBXSourcesBuildPhase;
			buildActionMask = 2147483647;
			files = (
			);
			runOnlyForDeploymentPostprocessing = 0;
		};
/* End PBXSourcesBuildPhase section */

/* Begin PBXTargetDependency section */
		4C394BE32FE0B9590070000E /* PBXTargetDependency */ = {
			isa = PBXTargetDependency;
			target = 4C394BD32FE0B9570070000E /* fuelfinder */;
			targetProxy = 4C394BE22FE0B9590070000E /* PBXContainerItemProxy */;
		};
		4C394BED2FE0B9590070000E /* PBXTargetDependency */ = {
			isa = PBXTargetDependency;
			target = 4C394BD32FE0B9570070000E /* fuelfinder */;
			targetProxy = 4C394BEC2FE0B9590070000E /* PBXContainerItemProxy */;
		};
/* End PBXTargetDependency section */

/* Begin XCBuildConfiguration section */
		4C394BF32FE0B9590070000E /* Debug */ = {
			isa = XCBuildConfiguration;
			buildSettings = {
				ALWAYS_SEARCH_USER_PATHS = NO;
				ASSETCATALOG_COMPILER_GENERATE_SWIFT_ASSET_SYMBOL_EXTENSIONS = YES;
				CLANG_ANALYZER_NONNULL = YES;
				CLANG_ANALYZER_NUMBER_OBJECT_CONVERSION = YES_AGGRESSIVE;
				CLANG_CXX_LANGUAGE_STANDARD = "gnu++20";
				CLANG_ENABLE_MODULES = YES;
				CLANG_ENABLE_OBJC_ARC = YES;
				CLANG_ENABLE_OBJC_WEAK = YES;
				CLANG_WARN_BLOCK_CAPTURE_AUTORELEASING = YES;
				CLANG_WARN_BOOL_CONVERSION = YES;
				CLANG_WARN_COMMA = YES;
				CLANG_WARN_CONSTANT_CONVERSION = YES;
				CLANG_WARN_DEPRECATED_OBJC_IMPLEMENTATIONS = YES;
				CLANG_WARN_DIRECT_OBJC_ISA_USAGE = YES_ERROR;
				CLANG_WARN_DOCUMENTATION_COMMENTS = YES;
				CLANG_WARN_EMPTY_BODY = YES;
				CLANG_WARN_ENUM_CONVERSION = YES;
				CLANG_WARN_INFINITE_RECURSION = YES;
				CLANG_WARN_INT_CONVERSION = YES;
				CLANG_WARN_NON_LITERAL_NULL_CONVERSION = YES;
				CLANG_WARN_OBJC_IMPLICIT_RETAIN_SELF = YES;
				CLANG_WARN_OBJC_LITERAL_CONVERSION = YES;
				CLANG_WARN_OBJC_ROOT_CLASS = YES_ERROR;
				CLANG_WARN_QUOTED_INCLUDE_IN_FRAMEWORK_HEADER = YES;
				CLANG_WARN_RANGE_LOOP_ANALYSIS = YES;
				CLANG_WARN_STRICT_PROTOTYPES = YES;
				CLANG_WARN_SUSPICIOUS_MOVE = YES;
				CLANG_WARN_UNGUARDED_AVAILABILITY = YES_AGGRESSIVE;
				CLANG_WARN_UNREACHABLE_CODE = YES;
				CLANG_WARN__DUPLICATE_METHOD_MATCH = YES;
				COPY_PHASE_STRIP = NO;
				DEBUG_INFORMATION_FORMAT = dwarf;
				DEVELOPMENT_TEAM = CCQNLNZKFG;
				ENABLE_STRICT_OBJC_MSGSEND = YES;
				ENABLE_TESTABILITY = YES;
				ENABLE_USER_SCRIPT_SANDBOXING = YES;
				GCC_C_LANGUAGE_STANDARD = gnu17;
				GCC_DYNAMIC_NO_PIC = NO;
				GCC_NO_COMMON_BLOCKS = YES;
				GCC_OPTIMIZATION_LEVEL = 0;
				GCC_PREPROCESSOR_DEFINITIONS = (
					"DEBUG=1",
					"$(inherited)",
				);
				GCC_WARN_64_TO_32_BIT_CONVERSION = YES;
				GCC_WARN_ABOUT_RETURN_TYPE = YES_ERROR;
				GCC_WARN_UNDECLARED_SELECTOR = YES;
				GCC_WARN_UNINITIALIZED_AUTOS = YES_AGGRESSIVE;
				GCC_WARN_UNUSED_FUNCTION = YES;
				GCC_WARN_UNUSED_VARIABLE = YES;
				IPHONEOS_DEPLOYMENT_TARGET = 26.5;
				LOCALIZATION_PREFERS_STRING_CATALOGS = YES;
				MTL_ENABLE_DEBUG_INFO = INCLUDE_SOURCE;
				MTL_FAST_MATH = YES;
				ONLY_ACTIVE_ARCH = YES;
				SDKROOT = iphoneos;
				SWIFT_ACTIVE_COMPILATION_CONDITIONS = "DEBUG $(inherited)";
				SWIFT_OPTIMIZATION_LEVEL = "-Onone";
			};
			name = Debug;
		};
		4C394BF42FE0B9590070000E /* Release */ = {
			isa = XCBuildConfiguration;
			buildSettings = {
				ALWAYS_SEARCH_USER_PATHS = NO;
				ASSETCATALOG_COMPILER_GENERATE_SWIFT_ASSET_SYMBOL_EXTENSIONS = YES;
				CLANG_ANALYZER_NONNULL = YES;
				CLANG_ANALYZER_NUMBER_OBJECT_CONVERSION = YES_AGGRESSIVE;
				CLANG_CXX_LANGUAGE_STANDARD = "gnu++20";
				CLANG_ENABLE_MODULES = YES;
				CLANG_ENABLE_OBJC_ARC = YES;
				CLANG_ENABLE_OBJC_WEAK = YES;
				CLANG_WARN_BLOCK_CAPTURE_AUTORELEASING = YES;
				CLANG_WARN_BOOL_CONVERSION = YES;
				CLANG_WARN_COMMA = YES;
				CLANG_WARN_CONSTANT_CONVERSION = YES;
				CLANG_WARN_DEPRECATED_OBJC_IMPLEMENTATIONS = YES;
				CLANG_WARN_DIRECT_OBJC_ISA_USAGE = YES_ERROR;
				CLANG_WARN_DOCUMENTATION_COMMENTS = YES;
				CLANG_WARN_EMPTY_BODY = YES;
				CLANG_WARN_ENUM_CONVERSION = YES;
				CLANG_WARN_INFINITE_RECURSION = YES;
				CLANG_WARN_INT_CONVERSION = YES;
				CLANG_WARN_NON_LITERAL_NULL_CONVERSION = YES;
				CLANG_WARN_OBJC_IMPLICIT_RETAIN_SELF = YES;
				CLANG_WARN_OBJC_LITERAL_CONVERSION = YES;
				CLANG_WARN_OBJC_ROOT_CLASS = YES_ERROR;
				CLANG_WARN_QUOTED_INCLUDE_IN_FRAMEWORK_HEADER = YES;
				CLANG_WARN_RANGE_LOOP_ANALYSIS = YES;
				CLANG_WARN_STRICT_PROTOTYPES = YES;
				CLANG_WARN_SUSPICIOUS_MOVE = YES;
				CLANG_WARN_UNGUARDED_AVAILABILITY = YES_AGGRESSIVE;
				CLANG_WARN_UNREACHABLE_CODE = YES;
				CLANG_WARN__DUPLICATE_METHOD_MATCH = YES;
				COPY_PHASE_STRIP = NO;
				DEBUG_INFORMATION_FORMAT = "dwarf-with-dsym";
				DEVELOPMENT_TEAM = CCQNLNZKFG;
				ENABLE_NS_ASSERTIONS = NO;
				ENABLE_STRICT_OBJC_MSGSEND = YES;
				ENABLE_USER_SCRIPT_SANDBOXING = YES;
				GCC_C_LANGUAGE_STANDARD = gnu17;
				GCC_NO_COMMON_BLOCKS = YES;
				GCC_WARN_64_TO_32_BIT_CONVERSION = YES;
				GCC_WARN_ABOUT_RETURN_TYPE = YES_ERROR;
				GCC_WARN_UNDECLARED_SELECTOR = YES;
				GCC_WARN_UNINITIALIZED_AUTOS = YES_AGGRESSIVE;
				GCC_WARN_UNUSED_FUNCTION = YES;
				GCC_WARN_UNUSED_VARIABLE = YES;
				IPHONEOS_DEPLOYMENT_TARGET = 26.5;
				LOCALIZATION_PREFERS_STRING_CATALOGS = YES;
				MTL_ENABLE_DEBUG_INFO = NO;
				MTL_FAST_MATH = YES;
				SDKROOT = iphoneos;
				SWIFT_COMPILATION_MODE = wholemodule;
				VALIDATE_PRODUCT = YES;
			};
			name = Release;
		};
		4C394BF62FE0B9590070000E /* Debug */ = {
			isa = XCBuildConfiguration;
			buildSettings = {
				ASSETCATALOG_COMPILER_APPICON_NAME = AppIcon;
				ASSETCATALOG_COMPILER_GLOBAL_ACCENT_COLOR_NAME = AccentColor;
				CODE_SIGN_STYLE = Automatic;
				CURRENT_PROJECT_VERSION = 1;
				DEVELOPMENT_TEAM = CCQNLNZKFG;
				ENABLE_PREVIEWS = YES;
				GENERATE_INFOPLIST_FILE = NO;
				INFOPLIST_FILE = Info.plist;
				IPHONEOS_DEPLOYMENT_TARGET = 17.6;
				LD_RUNPATH_SEARCH_PATHS = (
					"$(inherited)",
					"@executable_path/Frameworks",
				);
				MARKETING_VERSION = 1.0;
				PRODUCT_BUNDLE_IDENTIFIER = chaosisaladder.fuelfinder;
				PRODUCT_NAME = "$(TARGET_NAME)";
				STRING_CATALOG_GENERATE_SYMBOLS = YES;
				SWIFT_APPROACHABLE_CONCURRENCY = YES;
				SWIFT_DEFAULT_ACTOR_ISOLATION = MainActor;
				SWIFT_EMIT_LOC_STRINGS = YES;
				SWIFT_UPCOMING_FEATURE_MEMBER_IMPORT_VISIBILITY = YES;
				SWIFT_VERSION = 5.0;
				TARGETED_DEVICE_FAMILY = "1,2";
			};
			name = Debug;
		};
		4C394BF72FE0B9590070000E /* Release */ = {
			isa = XCBuildConfiguration;
			buildSettings = {
				ASSETCATALOG_COMPILER_APPICON_NAME = AppIcon;
				ASSETCATALOG_COMPILER_GLOBAL_ACCENT_COLOR_NAME = AccentColor;
				CODE_SIGN_STYLE = Automatic;
				CURRENT_PROJECT_VERSION = 1;
				DEVELOPMENT_TEAM = CCQNLNZKFG;
				ENABLE_PREVIEWS = YES;
				GENERATE_INFOPLIST_FILE = NO;
				INFOPLIST_FILE = Info.plist;
				IPHONEOS_DEPLOYMENT_TARGET = 17.6;
				LD_RUNPATH_SEARCH_PATHS = (
					"$(inherited)",
					"@executable_path/Frameworks",
				);
				MARKETING_VERSION = 1.0;
				PRODUCT_BUNDLE_IDENTIFIER = chaosisaladder.fuelfinder;
				PRODUCT_NAME = "$(TARGET_NAME)";
				STRING_CATALOG_GENERATE_SYMBOLS = YES;
				SWIFT_APPROACHABLE_CONCURRENCY = YES;
				SWIFT_DEFAULT_ACTOR_ISOLATION = MainActor;
				SWIFT_EMIT_LOC_STRINGS = YES;
				SWIFT_UPCOMING_FEATURE_MEMBER_IMPORT_VISIBILITY = YES;
				SWIFT_VERSION = 5.0;
				TARGETED_DEVICE_FAMILY = "1,2";
			};
			name = Release;
		};
		4C394BF92FE0B9590070000E /* Debug */ = {
			isa = XCBuildConfiguration;
			buildSettings = {
				BUNDLE_LOADER = "$(TEST_HOST)";
				CODE_SIGN_STYLE = Automatic;
				CURRENT_PROJECT_VERSION = 1;
				DEVELOPMENT_TEAM = CCQNLNZKFG;
				GENERATE_INFOPLIST_FILE = YES;
				IPHONEOS_DEPLOYMENT_TARGET = 26.5;
				MARKETING_VERSION = 1.0;
				PRODUCT_BUNDLE_IDENTIFIER = chaosisaladder.fuelfinderTests;
				PRODUCT_NAME = "$(TARGET_NAME)";
				STRING_CATALOG_GENERATE_SYMBOLS = NO;
				SWIFT_APPROACHABLE_CONCURRENCY = YES;
				SWIFT_EMIT_LOC_STRINGS = NO;
				SWIFT_UPCOMING_FEATURE_MEMBER_IMPORT_VISIBILITY = YES;
				SWIFT_VERSION = 5.0;
				TARGETED_DEVICE_FAMILY = "1,2";
				TEST_HOST = "$(BUILT_PRODUCTS_DIR)/fuelfinder.app/$(BUNDLE_EXECUTABLE_FOLDER_PATH)/fuelfinder";
			};
			name = Debug;
		};
		4C394BFA2FE0B9590070000E /* Release */ = {
			isa = XCBuildConfiguration;
			buildSettings = {
				BUNDLE_LOADER = "$(TEST_HOST)";
				CODE_SIGN_STYLE = Automatic;
				CURRENT_PROJECT_VERSION = 1;
				DEVELOPMENT_TEAM = CCQNLNZKFG;
				GENERATE_INFOPLIST_FILE = YES;
				IPHONEOS_DEPLOYMENT_TARGET = 26.5;
				MARKETING_VERSION = 1.0;
				PRODUCT_BUNDLE_IDENTIFIER = chaosisaladder.fuelfinderTests;
				PRODUCT_NAME = "$(TARGET_NAME)";
				STRING_CATALOG_GENERATE_SYMBOLS = NO;
				SWIFT_APPROACHABLE_CONCURRENCY = YES;
				SWIFT_EMIT_LOC_STRINGS = NO;
				SWIFT_UPCOMING_FEATURE_MEMBER_IMPORT_VISIBILITY = YES;
				SWIFT_VERSION = 5.0;
				TARGETED_DEVICE_FAMILY = "1,2";
				TEST_HOST = "$(BUILT_PRODUCTS_DIR)/fuelfinder.app/$(BUNDLE_EXECUTABLE_FOLDER_PATH)/fuelfinder";
			};
			name = Release;
		};
		4C394BFC2FE0B9590070000E /* Debug */ = {
			isa = XCBuildConfiguration;
			buildSettings = {
				CODE_SIGN_STYLE = Automatic;
				CURRENT_PROJECT_VERSION = 1;
				DEVELOPMENT_TEAM = CCQNLNZKFG;
				GENERATE_INFOPLIST_FILE = YES;
				MARKETING_VERSION = 1.0;
				PRODUCT_BUNDLE_IDENTIFIER = chaosisaladder.fuelfinderUITests;
				PRODUCT_NAME = "$(TARGET_NAME)";
				STRING_CATALOG_GENERATE_SYMBOLS = NO;
				SWIFT_APPROACHABLE_CONCURRENCY = YES;
				SWIFT_EMIT_LOC_STRINGS = NO;
				SWIFT_UPCOMING_FEATURE_MEMBER_IMPORT_VISIBILITY = YES;
				SWIFT_VERSION = 5.0;
				TARGETED_DEVICE_FAMILY = "1,2";
				TEST_TARGET_NAME = fuelfinder;
			};
			name = Debug;
		};
		4C394BFD2FE0B9590070000E /* Release */ = {
			isa = XCBuildConfiguration;
			buildSettings = {
				CODE_SIGN_STYLE = Automatic;
				CURRENT_PROJECT_VERSION = 1;
				DEVELOPMENT_TEAM = CCQNLNZKFG;
				GENERATE_INFOPLIST_FILE = YES;
				MARKETING_VERSION = 1.0;
				PRODUCT_BUNDLE_IDENTIFIER = chaosisaladder.fuelfinderUITests;
				PRODUCT_NAME = "$(TARGET_NAME)";
				STRING_CATALOG_GENERATE_SYMBOLS = NO;
				SWIFT_APPROACHABLE_CONCURRENCY = YES;
				SWIFT_EMIT_LOC_STRINGS = NO;
				SWIFT_UPCOMING_FEATURE_MEMBER_IMPORT_VISIBILITY = YES;
				SWIFT_VERSION = 5.0;
				TARGETED_DEVICE_FAMILY = "1,2";
				TEST_TARGET_NAME = fuelfinder;
			};
			name = Release;
		};
/* End XCBuildConfiguration section */

/* Begin XCConfigurationList section */
		4C394BCF2FE0B9570070000E /* Build configuration list for PBXProject "fuelfinder" */ = {
			isa = XCConfigurationList;
			buildConfigurations = (
				4C394BF32FE0B9590070000E /* Debug */,
				4C394BF42FE0B9590070000E /* Release */,
			);
			defaultConfigurationIsVisible = 0;
			defaultConfigurationName = Release;
		};
		4C394BF52FE0B9590070000E /* Build configuration list for PBXNativeTarget "fuelfinder" */ = {
			isa = XCConfigurationList;
			buildConfigurations = (
				4C394BF62FE0B9590070000E /* Debug */,
				4C394BF72FE0B9590070000E /* Release */,
			);
			defaultConfigurationIsVisible = 0;
			defaultConfigurationName = Release;
		};
		4C394BF82FE0B9590070000E /* Build configuration list for PBXNativeTarget "fuelfinderTests" */ = {
			isa = XCConfigurationList;
			buildConfigurations = (
				4C394BF92FE0B9590070000E /* Debug */,
				4C394BFA2FE0B9590070000E /* Release */,
			);
			defaultConfigurationIsVisible = 0;
			defaultConfigurationName = Release;
		};
		4C394BFB2FE0B9590070000E /* Build configuration list for PBXNativeTarget "fuelfinderUITests" */ = {
			isa = XCConfigurationList;
			buildConfigurations = (
				4C394BFC2FE0B9590070000E /* Debug */,
				4C394BFD2FE0B9590070000E /* Release */,
			);
			defaultConfigurationIsVisible = 0;
			defaultConfigurationName = Release;
		};
/* End XCConfigurationList section */
	};
	rootObject = 4C394BCC2FE0B9570070000E /* Project object */;
}
